{
  "name": "gmail-node",
  "version": "1.0.0",
  "lockfileVersion": 3,
  "requires": true,
  "packages": {
    "": {
    "node_modules/googleapis": {
      "version": "128.0.0",
      "resolved": "https://registry.npmjs.org/googleapis/-/googleapis-128.0.0.tgz",
      "integrity": "sha512-+sLtVYNazcxaSD84N6rihVX4QiGoqRdnlz2SwmQQkadF31XonDfy4ufk3maMg27+FiySrH0rd7V8p+YJG6cknA==",
      "dependencies": {
        "google-auth-library": "^9.0.0",
        "googleapis-common": "^7.0.0"
      },
      "engines": {
        "node": ">=14.0.0"
      }
    },
    "node_modules/googleapis-common": {
      "version": "7.0.1",
      "resolved": "https://registry.npmjs.org/googleapis-common/-/googleapis-common-7.0.1.tgz",
      "integrity": "sha512-mgt5zsd7zj5t5QXvDanjWguMdHAcJmmDrF9RkInCecNsyV7S7YtGqm5v2IWONNID88osb7zmx5FtrAP12JfD0w==",
      "dependencies": {
        "extend": "^3.0.2",
        "gaxios": "^6.0.3",
        "google-auth-library": "^9.0.0",
        "qs": "^6.7.0",
        "url-template": "^2.0.8",
        "uuid": "^9.0.0"
      },
      "engines": {
        "node": ">=14.0.0"
      }
    }
  }
  }}
  